<?xml version="1.0" encoding="utf-8"?>
<Project ToolsVersion="4.0" xmlns="http://schemas.microsoft.com/developer/msbuild/2003">
  <ItemGroup>
    <Filter Include="Source Files">
      <UniqueIdentifier>{4FC737F1-C7A5-4376-A066-2A32D752A2FF}</UniqueIdentifier>
      <Extensions>cpp;c;cc;cxx;def;odl;idl;hpj;bat;asm;asmx</Extensions>
    </Filter>
    <Filter Include="Header Files">
      <UniqueIdentifier>{93995380-89BD-4b04-88EB-625FBE52EBFB}</UniqueIdentifier>
      <Extensions>h;hh;hpp;hxx;hm;inl;inc;ipp;xsd</Extensions>
    </Filter>
    <Filter Include="Resource Files">
      <UniqueIdentifier>{67DA6AB6-F800-4c08-8B7A-83BB121AAD01}</UniqueIdentifier>
      <Extensions>rc;ico;cur;bmp;dlg;rc2;rct;bin;rgs;gif;jpg;jpeg;jpe;resx;tiff;tif;png;wav;mfcribbon-ms</Extensions>
    </Filter>
    <Filter Include="Header Files\dxgi">
      <UniqueIdentifier>{ecff5cea-bc8f-4bad-9041-d857870ecb46}</UniqueIdentifier>
    </Filter>
    <Filter Include="Source Files\dxgi">
      <UniqueIdentifier>{bc8af3b8-35c6-4d39-ae63-0b02c7d6ccd4}</UniqueIdentifier>
    </Filter>
  </ItemGroup>
  <ItemGroup>
    <ClInclude Include="d12w.h">
      <Filter>Header Files</Filter>
    </ClInclude>
    <ClInclude Include="ComPtr.h">
      <Filter>Header Files</Filter>
    </ClInclude>
    <ClInclude Include="defines.h">
      <Filter>Header Files</Filter>
    </ClInclude>
    <ClInclude Include="Debug.h">
      <Filter>Header Files</Filter>
    </ClInclude>
    <ClInclude Include="Device.h">
      <Filter>Header Files</Filter>
    </ClInclude>
    <ClInclude Include="util.h">
      <Filter>Header Files</Filter>
    </ClInclude>
    <ClInclude Include="dxgi\Factory.h">
      <Filter>Header Files\dxgi</Filter>
    </ClInclude>
    <ClInclude Include="dxgi\Adapter.h">
      <Filter>Header Files\dxgi</Filter>
    </ClInclude>
    <ClInclude Include="dxgi\dxgi.h">
      <Filter>Header Files\dxgi</Filter>
    </ClInclude>
  </ItemGroup>
  <ItemGroup>
    <ClCompile Include="Debug.cpp">
      <Filter>Source Files</Filter>
    </ClCompile>
    <ClCompile Include="Device.cpp">
      <Filter>Source Files</Filter>
    </ClCompile>
    <ClCompile Include="util.cpp">
      <Filter>Source Files</Filter>
    </ClCompile>
    <ClCompile Include="dxgi\Factory.cpp">
      <Filter>Source Files\dxgi</Filter>
    </ClCompile>
    <ClCompile Include="dxgi\Adapter.cpp">
      <Filter>Source Files\dxgi</Filter>
    </ClCompile>
  </ItemGroup>
  <ItemGroup>
    <None Include="..\README.md" />
  </ItemGroup>
</Project>